
Microsoft Visual Studio Solution File, Format Version 12.00
# Visual Studio Version 17
VisualStudioVersion = 17.7.34031.279
MinimumVisualStudioVersion = 10.0.40219.1
Project("{FAE04EC0-301F-11D3-BF4B-00C04F79EFBC}") = "ProjetoMusica", "ProjetoMusica\ProjetoMusica.csproj", "{775F785E-B010-4415-943C-01136208BCBC}"
EndProject
Global
	GlobalSection(SolutionConfigurationPlatforms) = preSolution
		Debug|Any CPU = Debug|Any CPU
		Release|Any CPU = Release|Any CPU
	EndGlobalSection
	GlobalSection(ProjectConfigurationPlatforms) = postSolution
		{775F785E-B010-4415-943C-01136208BCBC}.Debug|Any CPU.ActiveCfg = Debug|Any CPU
		{775F785E-B010-4415-943C-01136208BCBC}.Debug|Any CPU.Build.0 = Debug|Any CPU
		{775F785E-B010-4415-943C-01136208BCBC}.Release|Any CPU.ActiveCfg = Release|Any CPU
		{775F785E-B010-4415-943C-01136208BCBC}.Release|Any CPU.Build.0 = Release|Any CPU
	EndGlobalSection
	GlobalSection(SolutionProperties) = preSolution
		HideSolutionNode = FALSE
	EndGlobalSection
	GlobalSection(ExtensibilityGlobals) = postSolution
		SolutionGuid = {531E9365-C727-404A-8B36-7D835D131F1E}
	EndGlobalSection
EndGlobal
